{
  "version": 4,
  "terraform_version": "1.5.7",
  "serial": 12,
  "lineage": "6461a8cf-0f2e-fb72-4870-c7fe6ddc2282",
  "outputs": {},
  "resources": [
    {
      "mode": "managed",
      "type": "couchbase-capella_bucket",
      "name": "main_bucket",
      "provider": "provider[\"registry.terraform.io/couchbasecloud/couchbase-capella\"]",
      "instances": [
        {
          "schema_version": 0,
          "attributes": {
            "bucket_conflict_resolution": "seqno",
            "cluster_id": "60a27a27-b08a-4841-81b6-2cb47789c011",
            "durability_level": "none",
            "eviction_policy": "fullEviction",
            "flush": true,
            "id": "bWFpbg==",
            "memory_allocation_in_mb": 10000,
            "name": "main",
            "organization_id": "42730eb3-53ab-451a-b5eb-8eeb9a92084c",
            "project_id": "4af36ee8-eb11-45ee-bcde-845bc07f1ba3",
            "replicas": 1,
            "stats": {
              "disk_used_in_mib": 5,
              "item_count": 0,
              "memory_used_in_mib": 21,
              "ops_per_second": 0
            },
            "storage_backend": "couchstore",
            "time_to_live_in_seconds": 0,
            "type": "couchbase"
          },
          "sensitive_attributes": [],
          "dependencies": [
            "couchbase-capella_cluster.agentic-capella-cluster"
          ]
        }
      ]
    },
    {
      "mode": "managed",
      "type": "couchbase-capella_bucket",
      "name": "meta_bucket",
      "provider": "provider[\"registry.terraform.io/couchbasecloud/couchbase-capella\"]",
      "instances": [
        {
          "schema_version": 0,
          "attributes": {
            "bucket_conflict_resolution": "seqno",
            "cluster_id": "60a27a27-b08a-4841-81b6-2cb47789c011",
            "durability_level": "none",
            "eviction_policy": "fullEviction",
            "flush": true,
            "id": "bWV0YQ==",
            "memory_allocation_in_mb": 1000,
            "name": "meta",
            "organization_id": "42730eb3-53ab-451a-b5eb-8eeb9a92084c",
            "project_id": "4af36ee8-eb11-45ee-bcde-845bc07f1ba3",
            "replicas": 1,
            "stats": {
              "disk_used_in_mib": 0,
              "item_count": 0,
              "memory_used_in_mib": 1,
              "ops_per_second": 0
            },
            "storage_backend": "couchstore",
            "time_to_live_in_seconds": 0,
            "type": "couchbase"
          },
          "sensitive_attributes": [],
          "dependencies": [
            "couchbase-capella_cluster.agentic-capella-cluster"
          ]
        }
      ]
    },
    {
      "mode": "managed",
      "type": "couchbase-capella_cluster",
      "name": "agentic-capella-cluster",
      "provider": "provider[\"registry.terraform.io/couchbasecloud/couchbase-capella\"]",
      "instances": [
        {
          "schema_version": 0,
          "attributes": {
            "app_service_id": null,
            "audit": {
              "created_at": "2024-06-15 09:31:01.036976264 +0000 UTC",
              "created_by": "AgiWkevlPkNQsCLU64uksEF3izJgOUt3",
              "modified_at": "2024-06-15 09:34:55.870400765 +0000 UTC",
              "modified_by": "AgiWkevlPkNQsCLU64uksEF3izJgOUt3",
              "version": 4
            },
            "availability": {
              "type": "multi"
            },
            "cloud_provider": {
              "cidr": "10.0.42.0/23",
              "region": "ap-southeast-1",
              "type": "aws"
            },
            "configuration_type": "multiNode",
            "couchbase_server": {
              "version": "7.6"
            },
            "current_state": "healthy",
            "description": "Agentics Ticketing System with Couchbase Capella",
            "etag": "Version: 4",
            "id": "60a27a27-b08a-4841-81b6-2cb47789c011",
            "if_match": null,
            "name": "Agentic Ticketing",
            "organization_id": "42730eb3-53ab-451a-b5eb-8eeb9a92084c",
            "project_id": "4af36ee8-eb11-45ee-bcde-845bc07f1ba3",
            "service_groups": [
              {
                "node": {
                  "compute": {
                    "cpu": 8,
                    "ram": 16
                  },
                  "disk": {
                    "autoexpansion": null,
                    "iops": 3000,
                    "storage": 50,
                    "type": "gp3"
                  }
                },
                "num_of_nodes": 2,
                "services": [
                  "eventing"
                ]
              },
              {
                "node": {
                  "compute": {
                    "cpu": 8,
                    "ram": 16
                  },
                  "disk": {
                    "autoexpansion": null,
                    "iops": 3000,
                    "storage": 50,
                    "type": "gp3"
                  }
                },
                "num_of_nodes": 2,
                "services": [
                  "index",
                  "query",
                  "search"
                ]
              },
              {
                "node": {
                  "compute": {
                    "cpu": 8,
                    "ram": 16
                  },
                  "disk": {
                    "autoexpansion": null,
                    "iops": 3000,
                    "storage": 50,
                    "type": "gp3"
                  }
                },
                "num_of_nodes": 3,
                "services": [
                  "data"
                ]
              }
            ],
            "support": {
              "plan": "developer pro",
              "timezone": "PT"
            }
          },
          "sensitive_attributes": []
        }
      ]
    },
    {
      "mode": "managed",
      "type": "couchbase-capella_collection",
      "name": "collection_message_responses",
      "provider": "provider[\"registry.terraform.io/couchbasecloud/couchbase-capella\"]",
      "instances": [
        {
          "schema_version": 0,
          "attributes": {
            "bucket_id": "bWFpbg==",
            "cluster_id": "60a27a27-b08a-4841-81b6-2cb47789c011",
            "collection_name": "message_responses",
            "max_ttl": 0,
            "organization_id": "42730eb3-53ab-451a-b5eb-8eeb9a92084c",
            "project_id": "4af36ee8-eb11-45ee-bcde-845bc07f1ba3",
            "scope_name": "data"
          },
          "sensitive_attributes": [],
          "dependencies": [
            "couchbase-capella_bucket.main_bucket",
            "couchbase-capella_cluster.agentic-capella-cluster",
            "couchbase-capella_scope.scope_data"
          ]
        }
      ]
    },
    {
      "mode": "managed",
      "type": "couchbase-capella_collection",
      "name": "collection_messages",
      "provider": "provider[\"registry.terraform.io/couchbasecloud/couchbase-capella\"]",
      "instances": [
        {
          "schema_version": 0,
          "attributes": {
            "bucket_id": "bWFpbg==",
            "cluster_id": "60a27a27-b08a-4841-81b6-2cb47789c011",
            "collection_name": "messages",
            "max_ttl": 0,
            "organization_id": "42730eb3-53ab-451a-b5eb-8eeb9a92084c",
            "project_id": "4af36ee8-eb11-45ee-bcde-845bc07f1ba3",
            "scope_name": "data"
          },
          "sensitive_attributes": [],
          "dependencies": [
            "couchbase-capella_bucket.main_bucket",
            "couchbase-capella_cluster.agentic-capella-cluster",
            "couchbase-capella_scope.scope_data"
          ]
        }
      ]
    },
    {
      "mode": "managed",
      "type": "couchbase-capella_collection",
      "name": "collection_orders",
      "provider": "provider[\"registry.terraform.io/couchbasecloud/couchbase-capella\"]",
      "instances": [
        {
          "schema_version": 0,
          "attributes": {
            "bucket_id": "bWFpbg==",
            "cluster_id": "60a27a27-b08a-4841-81b6-2cb47789c011",
            "collection_name": "orders",
            "max_ttl": 0,
            "organization_id": "42730eb3-53ab-451a-b5eb-8eeb9a92084c",
            "project_id": "4af36ee8-eb11-45ee-bcde-845bc07f1ba3",
            "scope_name": "data"
          },
          "sensitive_attributes": [],
          "dependencies": [
            "couchbase-capella_bucket.main_bucket",
            "couchbase-capella_cluster.agentic-capella-cluster",
            "couchbase-capella_scope.scope_data"
          ]
        }
      ]
    },
    {
      "mode": "managed",
      "type": "couchbase-capella_collection",
      "name": "collection_policies",
      "provider": "provider[\"registry.terraform.io/couchbasecloud/couchbase-capella\"]",
      "instances": [
        {
          "schema_version": 0,
          "attributes": {
            "bucket_id": "bWFpbg==",
            "cluster_id": "60a27a27-b08a-4841-81b6-2cb47789c011",
            "collection_name": "policies",
            "max_ttl": 0,
            "organization_id": "42730eb3-53ab-451a-b5eb-8eeb9a92084c",
            "project_id": "4af36ee8-eb11-45ee-bcde-845bc07f1ba3",
            "scope_name": "data"
          },
          "sensitive_attributes": [],
          "dependencies": [
            "couchbase-capella_bucket.main_bucket",
            "couchbase-capella_cluster.agentic-capella-cluster",
            "couchbase-capella_scope.scope_data"
          ]
        }
      ]
    },
    {
      "mode": "managed",
      "type": "couchbase-capella_collection",
      "name": "collection_products",
      "provider": "provider[\"registry.terraform.io/couchbasecloud/couchbase-capella\"]",
      "instances": [
        {
          "schema_version": 0,
          "attributes": {
            "bucket_id": "bWFpbg==",
            "cluster_id": "60a27a27-b08a-4841-81b6-2cb47789c011",
            "collection_name": "products",
            "max_ttl": 0,
            "organization_id": "42730eb3-53ab-451a-b5eb-8eeb9a92084c",
            "project_id": "4af36ee8-eb11-45ee-bcde-845bc07f1ba3",
            "scope_name": "data"
          },
          "sensitive_attributes": [],
          "dependencies": [
            "couchbase-capella_bucket.main_bucket",
            "couchbase-capella_cluster.agentic-capella-cluster",
            "couchbase-capella_scope.scope_data"
          ]
        }
      ]
    },
    {
      "mode": "managed",
      "type": "couchbase-capella_collection",
      "name": "collection_refunds",
      "provider": "provider[\"registry.terraform.io/couchbasecloud/couchbase-capella\"]",
      "instances": [
        {
          "schema_version": 0,
          "attributes": {
            "bucket_id": "bWFpbg==",
            "cluster_id": "60a27a27-b08a-4841-81b6-2cb47789c011",
            "collection_name": "refund_tickets",
            "max_ttl": 0,
            "organization_id": "42730eb3-53ab-451a-b5eb-8eeb9a92084c",
            "project_id": "4af36ee8-eb11-45ee-bcde-845bc07f1ba3",
            "scope_name": "data"
          },
          "sensitive_attributes": [],
          "dependencies": [
            "couchbase-capella_bucket.main_bucket",
            "couchbase-capella_cluster.agentic-capella-cluster",
            "couchbase-capella_scope.scope_data"
          ]
        }
      ]
    },
    {
      "mode": "managed",
      "type": "couchbase-capella_scope",
      "name": "scope_data",
      "provider": "provider[\"registry.terraform.io/couchbasecloud/couchbase-capella\"]",
      "instances": [
        {
          "schema_version": 0,
          "attributes": {
            "bucket_id": "bWFpbg==",
            "cluster_id": "60a27a27-b08a-4841-81b6-2cb47789c011",
            "collections": [],
            "organization_id": "42730eb3-53ab-451a-b5eb-8eeb9a92084c",
            "project_id": "4af36ee8-eb11-45ee-bcde-845bc07f1ba3",
            "scope_name": "data"
          },
          "sensitive_attributes": [],
          "dependencies": [
            "couchbase-capella_bucket.main_bucket",
            "couchbase-capella_cluster.agentic-capella-cluster"
          ]
        }
      ]
    }
  ],
  "check_results": null
}
